// !$*UTF8*$!
{
	archiveVersion = 1;
	classes = {
	};
	objectVersion = 46;
	objects = {

/* Begin PBXBuildFile section */
		FC7D7F0C1BCC6EB600473488 /* main.cpp in Sources */ = {isa = PBXBuildFile; fileRef = FC7D7F0B1BCC6EB600473488 /* main.cpp */; };
/* End PBXBuildFile section */

/* Begin PBXCopyFilesBuildPhase section */
		FC7D7F061BCC6EB600473488 /* CopyFiles */ = {
			isa = PBXCopyFilesBuildPhase;
			buildActionMask = 2147483647;
			dstPath = /usr/share/man/man1/;
			dstSubfolderSpec = 0;
			files = (
			);
			runOnlyForDeploymentPostprocessing = 1;
		};
/* End PBXCopyFilesBuildPhase section */

/* Begin PBXFileReference section */
		FC7D7F081BCC6EB600473488 /* PA2 */ = {isa = PBXFileReference; explicitFileType = "compiled.mach-o.executable"; includeInIndex = 0; path = PA2; sourceTree = BUILT_PRODUCTS_DIR; };
		FC7D7F0B1BCC6EB600473488 /* main.cpp */ = {isa = PBXFileReference; lastKnownFileType = sourcecode.cpp.cpp; path = main.cpp; sourceTree = "<group>"; };
		FC7D7F121BCC700900473488 /* quick_sort.h */ = {isa = PBXFileReference; lastKnownFileType = sourcecode.c.h; path = quick_sort.h; sourceTree = "<group>"; };
		FC7D7F131BCC718600473488 /* insertion_sort.h */ = {isa = PBXFileReference; fileEncoding = 4; lastKnownFileType = sourcecode.c.h; path = insertion_sort.h; sourceTree = "<group>"; };
		FC7D7F141BCC72CE00473488 /* merge_sort.h */ = {isa = PBXFileReference; fileEncoding = 4; lastKnownFileType = sourcecode.c.h; path = merge_sort.h; sourceTree = "<group>"; };
		FC930FCE1BD4A4720089C520 /* util.h */ = {isa = PBXFileReference; fileEncoding = 4; lastKnownFileType = sourcecode.c.h; path = util.h; sourceTree = "<group>"; };
/* End PBXFileReference section */

/* Begin PBXFrameworksBuildPhase section */
		FC7D7F051BCC6EB600473488 /* Frameworks */ = {
			isa = PBXFrameworksBuildPhase;
			buildActionMask = 2147483647;
			files = (
			);
			runOnlyForDeploymentPostprocessing = 0;
		};
/* End PBXFrameworksBuildPhase section */

/* Begin PBXGroup section */
		FC7D7EFF1BCC6EB600473488 = {
			isa = PBXGroup;
			children = (
				FC7D7F0A1BCC6EB600473488 /* PA2 */,
				FC7D7F091BCC6EB600473488 /* Products */,
			);
			sourceTree = "<group>";
		};
		FC7D7F091BCC6EB600473488 /* Products */ = {
			isa = PBXGroup;
			children = (
				FC7D7F081BCC6EB600473488 /* PA2 */,
			);
			name = Products;
			sourceTree = "<group>";
		};
		FC7D7F0A1BCC6EB600473488 /* PA2 */ = {
			isa = PBXGroup;
			children = (
				FC7D7F0B1BCC6EB600473488 /* main.cpp */,
				FC930FCE1BD4A4720089C520 /* util.h */,
				FC7D7F121BCC700900473488 /* quick_sort.h */,
				FC7D7F131BCC718600473488 /* insertion_sort.h */,
				FC7D7F141BCC72CE00473488 /* merge_sort.h */,
			);
			path = PA2;
			sourceTree = "<group>";
		};
/* End PBXGroup section */

/* Begin PBXNativeTarget section */
		FC7D7F071BCC6EB600473488 /* PA2 */ = {
			isa = PBXNativeTarget;
			buildConfigurationList = FC7D7F0F1BCC6EB600473488 /* Build configuration list for PBXNativeTarget "PA2" */;
			buildPhases = (
				FC7D7F041BCC6EB600473488 /* Sources */,
				FC7D7F051BCC6EB600473488 /* Frameworks */,
				FC7D7F061BCC6EB600473488 /* CopyFiles */,
			);
			buildRules = (
			);
			dependencies = (
			);
			name = PA2;
			productName = PA2;
			productReference = FC7D7F081BCC6EB600473488 /* PA2 */;
			productType = "com.apple.product-type.tool";
		};
/* End PBXNativeTarget section */

/* Begin PBXProject section */
		FC7D7F001BCC6EB600473488 /* Project object */ = {
			isa = PBXProject;
			attributes = {
				LastUpgradeCheck = 0700;
				ORGANIZATIONNAME = "Jon Lowrey";
				TargetAttributes = {
					FC7D7F071BCC6EB600473488 = {
						CreatedOnToolsVersion = 7.0.1;
					};
				};
			};
			buildConfigurationList = FC7D7F031BCC6EB600473488 /* Build configuration list for PBXProject "PA2" */;
			compatibilityVersion = "Xcode 3.2";
			developmentRegion = English;
			hasScannedForEncodings = 0;
			knownRegions = (
				en,
			);
			mainGroup = FC7D7EFF1BCC6EB600473488;
			productRefGroup = FC7D7F091BCC6EB600473488 /* Products */;
			projectDirPath = "";
			projectRoot = "";
			targets = (
				FC7D7F071BCC6EB600473488 /* PA2 */,
			);
		};
/* End PBXProject section */

/* Begin PBXSourcesBuildPhase section */
		FC7D7F041BCC6EB600473488 /* Sources */ = {
			isa = PBXSourcesBuildPhase;
			buildActionMask = 2147483647;
			files = (
				FC7D7F0C1BCC6EB600473488 /* main.cpp in Sources */,
			);
			runOnlyForDeploymentPostprocessing = 0;
		};
/* End PBXSourcesBuildPhase section */

/* Begin XCBuildConfiguration section */
		FC7D7F0D1BCC6EB600473488 /* Debug */ = {
			isa = XCBuildConfiguration;
			buildSettings = {
				ALWAYS_SEARCH_USER_PATHS = NO;
				CLANG_CXX_LANGUAGE_STANDARD = "gnu++0x";
				CLANG_CXX_LIBRARY = "libc++";
				CLANG_ENABLE_MODULES = YES;
				CLANG_ENABLE_OBJC_ARC = YES;
				CLANG_WARN_BOOL_CONVERSION = YES;
				CLANG_WARN_CONSTANT_CONVERSION = YES;
				CLANG_WARN_DIRECT_OBJC_ISA_USAGE = YES_ERROR;
				CLANG_WARN_EMPTY_BODY = YES;
				CLANG_WARN_ENUM_CONVERSION = YES;
				CLANG_WARN_INT_CONVERSION = YES;
				CLANG_WARN_OBJC_ROOT_CLASS = YES_ERROR;
				CLANG_WARN_UNREACHABLE_CODE = YES;
				CLANG_WARN__DUPLICATE_METHOD_MATCH = YES;
				COPY_PHASE_STRIP = NO;
				DEBUG_INFORMATION_FORMAT = dwarf;
				ENABLE_STRICT_OBJC_MSGSEND = YES;
				ENABLE_TESTABILITY = YES;
				GCC_C_LANGUAGE_STANDARD = gnu99;
				GCC_DYNAMIC_NO_PIC = NO;
				GCC_NO_COMMON_BLOCKS = YES;
				GCC_OPTIMIZATION_LEVEL = 0;
				GCC_PREPROCESSOR_DEFINITIONS = (
					"DEBUG=1",
					"$(inherited)",
				);
				GCC_WARN_64_TO_32_BIT_CONVERSION = YES;
				GCC_WARN_ABOUT_RETURN_TYPE = YES_ERROR;
				GCC_WARN_UNDECLARED_SELECTOR = YES;
				GCC_WARN_UNINITIALIZED_AUTOS = YES_AGGRESSIVE;
				GCC_WARN_UNUSED_FUNCTION = YES;
				GCC_WARN_UNUSED_VARIABLE = YES;
				MACOSX_DEPLOYMENT_TARGET = 10.11;
				MTL_ENABLE_DEBUG_INFO = YES;
				ONLY_ACTIVE_ARCH = YES;
				SDKROOT = macosx;
			};
			name = Debug;
		};
		FC7D7F0E1BCC6EB600473488 /* Release */ = {
			isa = XCBuildConfiguration;
			buildSettings = {
				ALWAYS_SEARCH_USER_PATHS = NO;
				CLANG_CXX_LANGUAGE_STANDARD = "gnu++0x";
				CLANG_CXX_LIBRARY = "libc++";
				CLANG_ENABLE_MODULES = YES;
				CLANG_ENABLE_OBJC_ARC = YES;
				CLANG_WARN_BOOL_CONVERSION = YES;
				CLANG_WARN_CONSTANT_CONVERSION = YES;
				CLANG_WARN_DIRECT_OBJC_ISA_USAGE = YES_ERROR;
				CLANG_WARN_EMPTY_BODY = YES;
				CLANG_WARN_ENUM_CONVERSION = YES;
				CLANG_WARN_INT_CONVERSION = YES;
				CLANG_WARN_OBJC_ROOT_CLASS = YES_ERROR;
				CLANG_WARN_UNREACHABLE_CODE = YES;
				CLANG_WARN__DUPLICATE_METHOD_MATCH = YES;
				COPY_PHASE_STRIP = NO;
				DEBUG_INFORMATION_FORMAT = "dwarf-with-dsym";
				ENABLE_NS_ASSERTIONS = NO;
				ENABLE_STRICT_OBJC_MSGSEND = YES;
				GCC_C_LANGUAGE_STANDARD = gnu99;
				GCC_NO_COMMON_BLOCKS = YES;
				GCC_WARN_64_TO_32_BIT_CONVERSION = YES;
				GCC_WARN_ABOUT_RETURN_TYPE = YES_ERROR;
				GCC_WARN_UNDECLARED_SELECTOR = YES;
				GCC_WARN_UNINITIALIZED_AUTOS = YES_AGGRESSIVE;
				GCC_WARN_UNUSED_FUNCTION = YES;
				GCC_WARN_UNUSED_VARIABLE = YES;
				MACOSX_DEPLOYMENT_TARGET = 10.11;
				MTL_ENABLE_DEBUG_INFO = NO;
				SDKROOT = macosx;
			};
			name = Release;
		};
		FC7D7F101BCC6EB600473488 /* Debug */ = {
			isa = XCBuildConfiguration;
			buildSettings = {
				PRODUCT_NAME = "$(TARGET_NAME)";
			};
			name = Debug;
		};
		FC7D7F111BCC6EB600473488 /* Release */ = {
			isa = XCBuildConfiguration;
			buildSettings = {
				PRODUCT_NAME = "$(TARGET_NAME)";
			};
			name = Release;
		};
/* End XCBuildConfiguration section */

/* Begin XCConfigurationList section */
		FC7D7F031BCC6EB600473488 /* Build configuration list for PBXProject "PA2" */ = {
			isa = XCConfigurationList;
			buildConfigurations = (
				FC7D7F0D1BCC6EB600473488 /* Debug */,
				FC7D7F0E1BCC6EB600473488 /* Release */,
			);
			defaultConfigurationIsVisible = 0;
			defaultConfigurationName = Release;
		};
		FC7D7F0F1BCC6EB600473488 /* Build configuration list for PBXNativeTarget "PA2" */ = {
			isa = XCConfigurationList;
			buildConfigurations = (
				FC7D7F101BCC6EB600473488 /* Debug */,
				FC7D7F111BCC6EB600473488 /* Release */,
			);
			defaultConfigurationIsVisible = 0;
			defaultConfigurationName = Release;
		};
/* End XCConfigurationList section */
	};
	rootObject = FC7D7F001BCC6EB600473488 /* Project object */;
}
